
Microsoft Visual Studio Solution File, Format Version 12.00
# Visual Studio Version 16
VisualStudioVersion = 16.0.30717.126
MinimumVisualStudioVersion = 10.0.40219.1
Project("{9A19103F-16F7-4668-BE54-9A1E7A4F7556}") = "SpiceP2", "SpiceP2\SpiceP2.csproj", "{DA758189-28FA-49FD-A4D4-60B45CF98D84}"
EndProject
Global
	GlobalSection(SolutionConfigurationPlatforms) = preSolution
		Debug|Any CPU = Debug|Any CPU
		Release|Any CPU = Release|Any CPU
	EndGlobalSection
	GlobalSection(ProjectConfigurationPlatforms) = postSolution
		{DA758189-28FA-49FD-A4D4-60B45CF98D84}.Debug|Any CPU.ActiveCfg = Debug|Any CPU
		{DA758189-28FA-49FD-A4D4-60B45CF98D84}.Debug|Any CPU.Build.0 = Debug|Any CPU
		{DA758189-28FA-49FD-A4D4-60B45CF98D84}.Release|Any CPU.ActiveCfg = Release|Any CPU
		{DA758189-28FA-49FD-A4D4-60B45CF98D84}.Release|Any CPU.Build.0 = Release|Any CPU
	EndGlobalSection
	GlobalSection(SolutionProperties) = preSolution
		HideSolutionNode = FALSE
	EndGlobalSection
	GlobalSection(ExtensibilityGlobals) = postSolution
		SolutionGuid = {33A8DEFF-BB66-4291-B819-5D6609769786}
	EndGlobalSection
EndGlobal
